
Microsoft Visual Studio Solution File, Format Version 12.00
# Visual Studio Version 16
VisualStudioVersion = 16.0.31729.503
MinimumVisualStudioVersion = 10.0.40219.1
Project("{FAE04EC0-301F-11D3-BF4B-00C04F79EFBC}") = "SerwisPogodowy", "SerwisPogodowy\SerwisPogodowy.csproj", "{4004B7E6-68A7-4EC0-8A9E-D789187FE15C}"
EndProject
Global
	GlobalSection(SolutionConfigurationPlatforms) = preSolution
		Debug|Any CPU = Debug|Any CPU
		Release|Any CPU = Release|Any CPU
	EndGlobalSection
	GlobalSection(ProjectConfigurationPlatforms) = postSolution
		{4004B7E6-68A7-4EC0-8A9E-D789187FE15C}.Debug|Any CPU.ActiveCfg = Debug|Any CPU
		{4004B7E6-68A7-4EC0-8A9E-D789187FE15C}.Debug|Any CPU.Build.0 = Debug|Any CPU
		{4004B7E6-68A7-4EC0-8A9E-D789187FE15C}.Release|Any CPU.ActiveCfg = Release|Any CPU
		{4004B7E6-68A7-4EC0-8A9E-D789187FE15C}.Release|Any CPU.Build.0 = Release|Any CPU
	EndGlobalSection
	GlobalSection(SolutionProperties) = preSolution
		HideSolutionNode = FALSE
	EndGlobalSection
	GlobalSection(ExtensibilityGlobals) = postSolution
		SolutionGuid = {01E7CD1D-E64F-44AC-B309-E65C36539922}
	EndGlobalSection
EndGlobal
